
Microsoft Visual Studio Solution File, Format Version 12.00
# Visual Studio Version 17
VisualStudioVersion = 17.4.33103.184
MinimumVisualStudioVersion = 10.0.40219.1
Project("{FAE04EC0-301F-11D3-BF4B-00C04F79EFBC}") = "Fabric", "Fabric\Fabric.csproj", "{7294DE55-4F82-4915-B5A6-C844D121AD80}"
EndProject
Global
	GlobalSection(SolutionConfigurationPlatforms) = preSolution
		Debug|Any CPU = Debug|Any CPU
		Release|Any CPU = Release|Any CPU
	EndGlobalSection
	GlobalSection(ProjectConfigurationPlatforms) = postSolution
		{7294DE55-4F82-4915-B5A6-C844D121AD80}.Debug|Any CPU.ActiveCfg = Debug|Any CPU
		{7294DE55-4F82-4915-B5A6-C844D121AD80}.Debug|Any CPU.Build.0 = Debug|Any CPU
		{7294DE55-4F82-4915-B5A6-C844D121AD80}.Release|Any CPU.ActiveCfg = Release|Any CPU
		{7294DE55-4F82-4915-B5A6-C844D121AD80}.Release|Any CPU.Build.0 = Release|Any CPU
	EndGlobalSection
	GlobalSection(SolutionProperties) = preSolution
		HideSolutionNode = FALSE
	EndGlobalSection
	GlobalSection(ExtensibilityGlobals) = postSolution
		SolutionGuid = {358A23C8-9E76-463C-B403-4594E8E2BE90}
	EndGlobalSection
EndGlobal
